<?xml version="1.0" encoding="utf-8"?>
<Project ToolsVersion="4.0" xmlns="http://schemas.microsoft.com/developer/msbuild/2003">
  <ItemGroup>
    <Filter Include="Source Files">
      <UniqueIdentifier>{4FC737F1-C7A5-4376-A066-2A32D752A2FF}</UniqueIdentifier>
      <Extensions>cpp;c;cc;cxx;def;odl;idl;hpj;bat;asm;asmx</Extensions>
    </Filter>
    <Filter Include="Header Files">
      <UniqueIdentifier>{93995380-89BD-4b04-88EB-625FBE52EBFB}</UniqueIdentifier>
      <Extensions>h;hpp;hxx;hm;inl;inc;xsd</Extensions>
    </Filter>
    <Filter Include="Resource Files">
      <UniqueIdentifier>{67DA6AB6-F800-4c08-8B7A-83BB121AAD01}</UniqueIdentifier>
      <Extensions>rc;ico;cur;bmp;dlg;rc2;rct;bin;rgs;gif;jpg;jpeg;jpe;resx;tiff;tif;png;wav</Extensions>
    </Filter>
    <Filter Include="Source Files\ok">
      <UniqueIdentifier>{3ecdd378-162c-46bb-9338-504443910528}</UniqueIdentifier>
    </Filter>
  </ItemGroup>
  <ItemGroup>
    <ClCompile Include="src\DialogBarTab1.cpp">
      <Filter>Source Files</Filter>
    </ClCompile>
    <ClCompile Include="src\devices.cpp">
      <Filter>Source Files\ok</Filter>
    </ClCompile>
    <ClCompile Include="mythread\MessageInspector.cpp">
      <Filter>Source Files\ok</Filter>
    </ClCompile>
    <ClCompile Include="my_cpp\my_color.cpp">
      <Filter>Source Files\ok</Filter>
    </ClCompile>
    <ClCompile Include="TChart\MouseTrackerWnd.cpp">
      <Filter>Source Files\ok</Filter>
    </ClCompile>
    <ClCompile Include="src\MyListBox.cpp">
      <Filter>Source Files\ok</Filter>
    </ClCompile>
    <ClCompile Include="mythread\MyTime.cpp">
      <Filter>Source Files\ok</Filter>
    </ClCompile>
    <ClCompile Include="mythread\MyThread.cpp">
      <Filter>Source Files\ok</Filter>
    </ClCompile>
    <ClCompile Include="src\OwnerDrawBtn.cpp">
      <Filter>Source Files\ok</Filter>
    </ClCompile>
    <ClCompile Include="mythread\ProtectedObject.cpp">
      <Filter>Source Files\ok</Filter>
    </ClCompile>
    <ClCompile Include="tchart\TChart.cpp">
      <Filter>Source Files\ok</Filter>
    </ClCompile>
    <ClCompile Include="tchart\TChartSeries.cpp">
      <Filter>Source Files\ok</Filter>
    </ClCompile>
    <ClCompile Include="tchart\TChartElements.cpp">
      <Filter>Source Files\ok</Filter>
    </ClCompile>
    <ClCompile Include="tchart\TChartPoints.cpp">
      <Filter>Source Files\ok</Filter>
    </ClCompile>
    <ClCompile Include="src\SystemConfig.cpp">
      <Filter>Source Files\ok</Filter>
    </ClCompile>
    <ClCompile Include="StdAfx.cpp">
      <Filter>Source Files\ok</Filter>
    </ClCompile>
    <ClCompile Include="src\metricon.cpp">
      <Filter>Source Files\ok</Filter>
    </ClCompile>
    <ClCompile Include="src\calibratorDialog.cpp">
      <Filter>Source Files\ok</Filter>
    </ClCompile>
    <ClCompile Include="my_cpp\BMPanvas.cpp">
      <Filter>Source Files\ok</Filter>
    </ClCompile>
    <ClCompile Include="src\CalcTEDialog.cpp">
      <Filter>Source Files\ok</Filter>
    </ClCompile>
    <ClCompile Include="src\captureWnd.cpp">
      <Filter>Source Files\ok</Filter>
    </ClCompile>
    <ClCompile Include="src\camera.cpp">
      <Filter>Source Files\ok</Filter>
    </ClCompile>
    <ClCompile Include="src\SeriesStyleDialog.cpp">
      <Filter>Source Files\ok</Filter>
    </ClCompile>
    <ClCompile Include="TChart\SetAxisRangeDlg.cpp">
      <Filter>Source Files\ok</Filter>
    </ClCompile>
    <ClCompile Include="src\BarTemplate.cpp">
      <Filter>Source Files\ok</Filter>
    </ClCompile>
    <ClCompile Include="src\cameraChooser.cpp">
      <Filter>Source Files\ok</Filter>
    </ClCompile>
    <ClCompile Include="src\MyToolBar.cpp">
      <Filter>Source Files\ok</Filter>
    </ClCompile>
    <ClCompile Include="src\ModifyValueDialog.cpp">
      <Filter>Source Files\ok</Filter>
    </ClCompile>
    <ClCompile Include="src\TConfigDialog.cpp">
      <Filter>Source Files\ok</Filter>
    </ClCompile>
    <ClCompile Include="src\MainFrm.cpp">
      <Filter>Source Files\ok</Filter>
    </ClCompile>
    <ClCompile Include="src\KSVU3Doc.cpp">
      <Filter>Source Files\ok</Filter>
    </ClCompile>
    <ClCompile Include="src\KSVU3View.cpp">
      <Filter>Source Files\ok</Filter>
    </ClCompile>
    <ClCompile Include="src\DialogBarTab2.cpp">
      <Filter>Source Files\ok</Filter>
    </ClCompile>
    <ClCompile Include="src\MyTabCtrl.cpp">
      <Filter>Source Files\ok</Filter>
    </ClCompile>
    <ClCompile Include="src\MyListCtrl.cpp">
      <Filter>Source Files\ok</Filter>
    </ClCompile>
    <ClCompile Include="src\SeriesValuesDialog.cpp">
      <Filter>Source Files\ok</Filter>
    </ClCompile>
    <ClCompile Include="src\KSVU3.cpp">
      <Filter>Source Files\ok</Filter>
    </ClCompile>
    <ClCompile Include="src\ImageWnd.cpp">
      <Filter>Source Files\ok</Filter>
    </ClCompile>
    <ClCompile Include="src\my_gsl.cpp">
      <Filter>Source Files</Filter>
    </ClCompile>
    <ClCompile Include="src\EventLogDialog.cpp">
      <Filter>Source Files</Filter>
    </ClCompile>
    <ClCompile Include="src\compressor.cpp">
      <Filter>Source Files</Filter>
    </ClCompile>
  </ItemGroup>
  <ItemGroup>
    <ClInclude Include="stdafx.h">
      <Filter>Header Files</Filter>
    </ClInclude>
    <ClInclude Include="targetver.h">
      <Filter>Header Files</Filter>
    </ClInclude>
    <ClInclude Include="gsl\gsl\gsl_blas.h">
      <Filter>Header Files</Filter>
    </ClInclude>
    <ClInclude Include="gsl\gsl\gsl_blas_types.h">
      <Filter>Header Files</Filter>
    </ClInclude>
    <ClInclude Include="gsl\gsl\gsl_block.h">
      <Filter>Header Files</Filter>
    </ClInclude>
    <ClInclude Include="gsl\gsl\gsl_block_char.h">
      <Filter>Header Files</Filter>
    </ClInclude>
    <ClInclude Include="gsl\gsl\gsl_block_complex_double.h">
      <Filter>Header Files</Filter>
    </ClInclude>
    <ClInclude Include="gsl\gsl\gsl_block_complex_float.h">
      <Filter>Header Files</Filter>
    </ClInclude>
    <ClInclude Include="gsl\gsl\gsl_block_complex_long_double.h">
      <Filter>Header Files</Filter>
    </ClInclude>
    <ClInclude Include="gsl\gsl\gsl_block_double.h">
      <Filter>Header Files</Filter>
    </ClInclude>
    <ClInclude Include="gsl\gsl\gsl_block_float.h">
      <Filter>Header Files</Filter>
    </ClInclude>
    <ClInclude Include="gsl\gsl\gsl_block_int.h">
      <Filter>Header Files</Filter>
    </ClInclude>
    <ClInclude Include="gsl\gsl\gsl_block_long.h">
      <Filter>Header Files</Filter>
    </ClInclude>
    <ClInclude Include="gsl\gsl\gsl_block_long_double.h">
      <Filter>Header Files</Filter>
    </ClInclude>
    <ClInclude Include="gsl\gsl\gsl_block_short.h">
      <Filter>Header Files</Filter>
    </ClInclude>
    <ClInclude Include="gsl\gsl\gsl_block_uchar.h">
      <Filter>Header Files</Filter>
    </ClInclude>
    <ClInclude Include="gsl\gsl\gsl_block_uint.h">
      <Filter>Header Files</Filter>
    </ClInclude>
    <ClInclude Include="gsl\gsl\gsl_block_ulong.h">
      <Filter>Header Files</Filter>
    </ClInclude>
    <ClInclude Include="gsl\gsl\gsl_block_ushort.h">
      <Filter>Header Files</Filter>
    </ClInclude>
    <ClInclude Include="gsl\gsl\gsl_cblas.h">
      <Filter>Header Files</Filter>
    </ClInclude>
    <ClInclude Include="gsl\gsl\gsl_cdf.h">
      <Filter>Header Files</Filter>
    </ClInclude>
    <ClInclude Include="gsl\gsl\gsl_chebyshev.h">
      <Filter>Header Files</Filter>
    </ClInclude>
    <ClInclude Include="gsl\gsl\gsl_check_range.h">
      <Filter>Header Files</Filter>
    </ClInclude>
    <ClInclude Include="gsl\gsl\gsl_combination.h">
      <Filter>Header Files</Filter>
    </ClInclude>
    <ClInclude Include="gsl\gsl\gsl_complex.h">
      <Filter>Header Files</Filter>
    </ClInclude>
    <ClInclude Include="gsl\gsl\gsl_complex_math.h">
      <Filter>Header Files</Filter>
    </ClInclude>
    <ClInclude Include="gsl\gsl\gsl_const.h">
      <Filter>Header Files</Filter>
    </ClInclude>
    <ClInclude Include="gsl\gsl\gsl_const_cgs.h">
      <Filter>Header Files</Filter>
    </ClInclude>
    <ClInclude Include="gsl\gsl\gsl_const_cgsm.h">
      <Filter>Header Files</Filter>
    </ClInclude>
    <ClInclude Include="gsl\gsl\gsl_const_mks.h">
      <Filter>Header Files</Filter>
    </ClInclude>
    <ClInclude Include="gsl\gsl\gsl_const_mksa.h">
      <Filter>Header Files</Filter>
    </ClInclude>
    <ClInclude Include="gsl\gsl\gsl_const_num.h">
      <Filter>Header Files</Filter>
    </ClInclude>
    <ClInclude Include="gsl\gsl\gsl_deriv.h">
      <Filter>Header Files</Filter>
    </ClInclude>
    <ClInclude Include="gsl\gsl\gsl_dft_complex.h">
      <Filter>Header Files</Filter>
    </ClInclude>
    <ClInclude Include="gsl\gsl\gsl_dft_complex_float.h">
      <Filter>Header Files</Filter>
    </ClInclude>
    <ClInclude Include="gsl\gsl\gsl_dht.h">
      <Filter>Header Files</Filter>
    </ClInclude>
    <ClInclude Include="gsl\gsl\gsl_diff.h">
      <Filter>Header Files</Filter>
    </ClInclude>
    <ClInclude Include="gsl\gsl\gsl_eigen.h">
      <Filter>Header Files</Filter>
    </ClInclude>
    <ClInclude Include="gsl\gsl\gsl_errno.h">
      <Filter>Header Files</Filter>
    </ClInclude>
    <ClInclude Include="gsl\gsl\gsl_fft.h">
      <Filter>Header Files</Filter>
    </ClInclude>
    <ClInclude Include="gsl\gsl\gsl_fft_complex.h">
      <Filter>Header Files</Filter>
    </ClInclude>
    <ClInclude Include="gsl\gsl\gsl_fft_complex_float.h">
      <Filter>Header Files</Filter>
    </ClInclude>
    <ClInclude Include="gsl\gsl\gsl_fft_halfcomplex.h">
      <Filter>Header Files</Filter>
    </ClInclude>
    <ClInclude Include="gsl\gsl\gsl_fft_halfcomplex_float.h">
      <Filter>Header Files</Filter>
    </ClInclude>
    <ClInclude Include="gsl\gsl\gsl_fft_real.h">
      <Filter>Header Files</Filter>
    </ClInclude>
    <ClInclude Include="gsl\gsl\gsl_fft_real_float.h">
      <Filter>Header Files</Filter>
    </ClInclude>
    <ClInclude Include="gsl\gsl\gsl_fit.h">
      <Filter>Header Files</Filter>
    </ClInclude>
    <ClInclude Include="gsl\gsl\gsl_heapsort.h">
      <Filter>Header Files</Filter>
    </ClInclude>
    <ClInclude Include="gsl\gsl\gsl_histogram.h">
      <Filter>Header Files</Filter>
    </ClInclude>
    <ClInclude Include="gsl\gsl\gsl_histogram2d.h">
      <Filter>Header Files</Filter>
    </ClInclude>
    <ClInclude Include="gsl\gsl\gsl_ieee_utils.h">
      <Filter>Header Files</Filter>
    </ClInclude>
    <ClInclude Include="gsl\gsl\gsl_integration.h">
      <Filter>Header Files</Filter>
    </ClInclude>
    <ClInclude Include="gsl\gsl\gsl_interp.h">
      <Filter>Header Files</Filter>
    </ClInclude>
    <ClInclude Include="gsl\gsl\gsl_linalg.h">
      <Filter>Header Files</Filter>
    </ClInclude>
    <ClInclude Include="gsl\gsl\gsl_machine.h">
      <Filter>Header Files</Filter>
    </ClInclude>
    <ClInclude Include="gsl\gsl\gsl_math.h">
      <Filter>Header Files</Filter>
    </ClInclude>
    <ClInclude Include="gsl\gsl\gsl_matrix.h">
      <Filter>Header Files</Filter>
    </ClInclude>
    <ClInclude Include="gsl\gsl\gsl_matrix_char.h">
      <Filter>Header Files</Filter>
    </ClInclude>
    <ClInclude Include="gsl\gsl\gsl_matrix_complex_double.h">
      <Filter>Header Files</Filter>
    </ClInclude>
    <ClInclude Include="gsl\gsl\gsl_matrix_complex_float.h">
      <Filter>Header Files</Filter>
    </ClInclude>
    <ClInclude Include="gsl\gsl\gsl_matrix_complex_long_double.h">
      <Filter>Header Files</Filter>
    </ClInclude>
    <ClInclude Include="gsl\gsl\gsl_matrix_double.h">
      <Filter>Header Files</Filter>
    </ClInclude>
    <ClInclude Include="gsl\gsl\gsl_matrix_float.h">
      <Filter>Header Files</Filter>
    </ClInclude>
    <ClInclude Include="gsl\gsl\gsl_matrix_int.h">
      <Filter>Header Files</Filter>
    </ClInclude>
    <ClInclude Include="gsl\gsl\gsl_matrix_long.h">
      <Filter>Header Files</Filter>
    </ClInclude>
    <ClInclude Include="gsl\gsl\gsl_matrix_long_double.h">
      <Filter>Header Files</Filter>
    </ClInclude>
    <ClInclude Include="gsl\gsl\gsl_matrix_short.h">
      <Filter>Header Files</Filter>
    </ClInclude>
    <ClInclude Include="gsl\gsl\gsl_matrix_uchar.h">
      <Filter>Header Files</Filter>
    </ClInclude>
    <ClInclude Include="gsl\gsl\gsl_matrix_uint.h">
      <Filter>Header Files</Filter>
    </ClInclude>
    <ClInclude Include="gsl\gsl\gsl_matrix_ulong.h">
      <Filter>Header Files</Filter>
    </ClInclude>
    <ClInclude Include="gsl\gsl\gsl_matrix_ushort.h">
      <Filter>Header Files</Filter>
    </ClInclude>
    <ClInclude Include="gsl\gsl\gsl_message.h">
      <Filter>Header Files</Filter>
    </ClInclude>
    <ClInclude Include="gsl\gsl\gsl_min.h">
      <Filter>Header Files</Filter>
    </ClInclude>
    <ClInclude Include="gsl\gsl\gsl_mode.h">
      <Filter>Header Files</Filter>
    </ClInclude>
    <ClInclude Include="gsl\gsl\gsl_monte.h">
      <Filter>Header Files</Filter>
    </ClInclude>
    <ClInclude Include="gsl\gsl\gsl_monte_miser.h">
      <Filter>Header Files</Filter>
    </ClInclude>
    <ClInclude Include="gsl\gsl\gsl_monte_plain.h">
      <Filter>Header Files</Filter>
    </ClInclude>
    <ClInclude Include="gsl\gsl\gsl_monte_vegas.h">
      <Filter>Header Files</Filter>
    </ClInclude>
    <ClInclude Include="gsl\gsl\gsl_multifit.h">
      <Filter>Header Files</Filter>
    </ClInclude>
    <ClInclude Include="gsl\gsl\gsl_multifit_nlin.h">
      <Filter>Header Files</Filter>
    </ClInclude>
    <ClInclude Include="gsl\gsl\gsl_multimin.h">
      <Filter>Header Files</Filter>
    </ClInclude>
    <ClInclude Include="gsl\gsl\gsl_multiroots.h">
      <Filter>Header Files</Filter>
    </ClInclude>
    <ClInclude Include="gsl\gsl\gsl_nan.h">
      <Filter>Header Files</Filter>
    </ClInclude>
    <ClInclude Include="gsl\gsl\gsl_ntuple.h">
      <Filter>Header Files</Filter>
    </ClInclude>
    <ClInclude Include="gsl\gsl\gsl_odeiv.h">
      <Filter>Header Files</Filter>
    </ClInclude>
    <ClInclude Include="gsl\gsl\gsl_permutation.h">
      <Filter>Header Files</Filter>
    </ClInclude>
    <ClInclude Include="gsl\gsl\gsl_permute.h">
      <Filter>Header Files</Filter>
    </ClInclude>
    <ClInclude Include="gsl\gsl\gsl_permute_char.h">
      <Filter>Header Files</Filter>
    </ClInclude>
    <ClInclude Include="gsl\gsl\gsl_permute_complex_double.h">
      <Filter>Header Files</Filter>
    </ClInclude>
    <ClInclude Include="gsl\gsl\gsl_permute_complex_float.h">
      <Filter>Header Files</Filter>
    </ClInclude>
    <ClInclude Include="gsl\gsl\gsl_permute_complex_long_double.h">
      <Filter>Header Files</Filter>
    </ClInclude>
    <ClInclude Include="gsl\gsl\gsl_permute_double.h">
      <Filter>Header Files</Filter>
    </ClInclude>
    <ClInclude Include="gsl\gsl\gsl_permute_float.h">
      <Filter>Header Files</Filter>
    </ClInclude>
    <ClInclude Include="gsl\gsl\gsl_permute_int.h">
      <Filter>Header Files</Filter>
    </ClInclude>
    <ClInclude Include="gsl\gsl\gsl_permute_long.h">
      <Filter>Header Files</Filter>
    </ClInclude>
    <ClInclude Include="gsl\gsl\gsl_permute_long_double.h">
      <Filter>Header Files</Filter>
    </ClInclude>
    <ClInclude Include="gsl\gsl\gsl_permute_short.h">
      <Filter>Header Files</Filter>
    </ClInclude>
    <ClInclude Include="gsl\gsl\gsl_permute_uchar.h">
      <Filter>Header Files</Filter>
    </ClInclude>
    <ClInclude Include="gsl\gsl\gsl_permute_uint.h">
      <Filter>Header Files</Filter>
    </ClInclude>
    <ClInclude Include="gsl\gsl\gsl_permute_ulong.h">
      <Filter>Header Files</Filter>
    </ClInclude>
    <ClInclude Include="gsl\gsl\gsl_permute_ushort.h">
      <Filter>Header Files</Filter>
    </ClInclude>
    <ClInclude Include="gsl\gsl\gsl_permute_vector.h">
      <Filter>Header Files</Filter>
    </ClInclude>
    <ClInclude Include="gsl\gsl\gsl_permute_vector_char.h">
      <Filter>Header Files</Filter>
    </ClInclude>
    <ClInclude Include="gsl\gsl\gsl_permute_vector_complex_double.h">
      <Filter>Header Files</Filter>
    </ClInclude>
    <ClInclude Include="gsl\gsl\gsl_permute_vector_complex_float.h">
      <Filter>Header Files</Filter>
    </ClInclude>
    <ClInclude Include="gsl\gsl\gsl_permute_vector_complex_long_double.h">
      <Filter>Header Files</Filter>
    </ClInclude>
    <ClInclude Include="gsl\gsl\gsl_permute_vector_double.h">
      <Filter>Header Files</Filter>
    </ClInclude>
    <ClInclude Include="gsl\gsl\gsl_permute_vector_float.h">
      <Filter>Header Files</Filter>
    </ClInclude>
    <ClInclude Include="gsl\gsl\gsl_permute_vector_int.h">
      <Filter>Header Files</Filter>
    </ClInclude>
    <ClInclude Include="gsl\gsl\gsl_permute_vector_long.h">
      <Filter>Header Files</Filter>
    </ClInclude>
    <ClInclude Include="gsl\gsl\gsl_permute_vector_long_double.h">
      <Filter>Header Files</Filter>
    </ClInclude>
    <ClInclude Include="gsl\gsl\gsl_permute_vector_short.h">
      <Filter>Header Files</Filter>
    </ClInclude>
    <ClInclude Include="gsl\gsl\gsl_permute_vector_uchar.h">
      <Filter>Header Files</Filter>
    </ClInclude>
    <ClInclude Include="gsl\gsl\gsl_permute_vector_uint.h">
      <Filter>Header Files</Filter>
    </ClInclude>
    <ClInclude Include="gsl\gsl\gsl_permute_vector_ulong.h">
      <Filter>Header Files</Filter>
    </ClInclude>
    <ClInclude Include="gsl\gsl\gsl_permute_vector_ushort.h">
      <Filter>Header Files</Filter>
    </ClInclude>
    <ClInclude Include="gsl\gsl\gsl_poly.h">
      <Filter>Header Files</Filter>
    </ClInclude>
    <ClInclude Include="gsl\gsl\gsl_pow_int.h">
      <Filter>Header Files</Filter>
    </ClInclude>
    <ClInclude Include="gsl\gsl\gsl_precision.h">
      <Filter>Header Files</Filter>
    </ClInclude>
    <ClInclude Include="gsl\gsl\gsl_qrng.h">
      <Filter>Header Files</Filter>
    </ClInclude>
    <ClInclude Include="gsl\gsl\gsl_randist.h">
      <Filter>Header Files</Filter>
    </ClInclude>
    <ClInclude Include="gsl\gsl\gsl_rng.h">
      <Filter>Header Files</Filter>
    </ClInclude>
    <ClInclude Include="gsl\gsl\gsl_roots.h">
      <Filter>Header Files</Filter>
    </ClInclude>
    <ClInclude Include="gsl\gsl\gsl_sf.h">
      <Filter>Header Files</Filter>
    </ClInclude>
    <ClInclude Include="gsl\gsl\gsl_sf_airy.h">
      <Filter>Header Files</Filter>
    </ClInclude>
    <ClInclude Include="gsl\gsl\gsl_sf_bessel.h">
      <Filter>Header Files</Filter>
    </ClInclude>
    <ClInclude Include="gsl\gsl\gsl_sf_clausen.h">
      <Filter>Header Files</Filter>
    </ClInclude>
    <ClInclude Include="gsl\gsl\gsl_sf_coulomb.h">
      <Filter>Header Files</Filter>
    </ClInclude>
    <ClInclude Include="gsl\gsl\gsl_sf_coupling.h">
      <Filter>Header Files</Filter>
    </ClInclude>
    <ClInclude Include="gsl\gsl\gsl_sf_dawson.h">
      <Filter>Header Files</Filter>
    </ClInclude>
    <ClInclude Include="gsl\gsl\gsl_sf_debye.h">
      <Filter>Header Files</Filter>
    </ClInclude>
    <ClInclude Include="gsl\gsl\gsl_sf_dilog.h">
      <Filter>Header Files</Filter>
    </ClInclude>
    <ClInclude Include="gsl\gsl\gsl_sf_elementary.h">
      <Filter>Header Files</Filter>
    </ClInclude>
    <ClInclude Include="gsl\gsl\gsl_sf_ellint.h">
      <Filter>Header Files</Filter>
    </ClInclude>
    <ClInclude Include="gsl\gsl\gsl_sf_elljac.h">
      <Filter>Header Files</Filter>
    </ClInclude>
    <ClInclude Include="gsl\gsl\gsl_sf_erf.h">
      <Filter>Header Files</Filter>
    </ClInclude>
    <ClInclude Include="gsl\gsl\gsl_sf_exp.h">
      <Filter>Header Files</Filter>
    </ClInclude>
    <ClInclude Include="gsl\gsl\gsl_sf_expint.h">
      <Filter>Header Files</Filter>
    </ClInclude>
    <ClInclude Include="gsl\gsl\gsl_sf_fermi_dirac.h">
      <Filter>Header Files</Filter>
    </ClInclude>
    <ClInclude Include="gsl\gsl\gsl_sf_gamma.h">
      <Filter>Header Files</Filter>
    </ClInclude>
    <ClInclude Include="gsl\gsl\gsl_sf_gegenbauer.h">
      <Filter>Header Files</Filter>
    </ClInclude>
    <ClInclude Include="gsl\gsl\gsl_sf_hyperg.h">
      <Filter>Header Files</Filter>
    </ClInclude>
    <ClInclude Include="gsl\gsl\gsl_sf_laguerre.h">
      <Filter>Header Files</Filter>
    </ClInclude>
    <ClInclude Include="gsl\gsl\gsl_sf_lambert.h">
      <Filter>Header Files</Filter>
    </ClInclude>
    <ClInclude Include="gsl\gsl\gsl_sf_legendre.h">
      <Filter>Header Files</Filter>
    </ClInclude>
    <ClInclude Include="gsl\gsl\gsl_sf_log.h">
      <Filter>Header Files</Filter>
    </ClInclude>
    <ClInclude Include="gsl\gsl\gsl_sf_pow_int.h">
      <Filter>Header Files</Filter>
    </ClInclude>
    <ClInclude Include="gsl\gsl\gsl_sf_psi.h">
      <Filter>Header Files</Filter>
    </ClInclude>
    <ClInclude Include="gsl\gsl\gsl_sf_result.h">
      <Filter>Header Files</Filter>
    </ClInclude>
    <ClInclude Include="gsl\gsl\gsl_sf_synchrotron.h">
      <Filter>Header Files</Filter>
    </ClInclude>
    <ClInclude Include="gsl\gsl\gsl_sf_transport.h">
      <Filter>Header Files</Filter>
    </ClInclude>
    <ClInclude Include="gsl\gsl\gsl_sf_trig.h">
      <Filter>Header Files</Filter>
    </ClInclude>
    <ClInclude Include="gsl\gsl\gsl_sf_zeta.h">
      <Filter>Header Files</Filter>
    </ClInclude>
    <ClInclude Include="gsl\gsl\gsl_siman.h">
      <Filter>Header Files</Filter>
    </ClInclude>
    <ClInclude Include="gsl\gsl\gsl_sort.h">
      <Filter>Header Files</Filter>
    </ClInclude>
    <ClInclude Include="gsl\gsl\gsl_sort_char.h">
      <Filter>Header Files</Filter>
    </ClInclude>
    <ClInclude Include="gsl\gsl\gsl_sort_double.h">
      <Filter>Header Files</Filter>
    </ClInclude>
    <ClInclude Include="gsl\gsl\gsl_sort_float.h">
      <Filter>Header Files</Filter>
    </ClInclude>
    <ClInclude Include="gsl\gsl\gsl_sort_int.h">
      <Filter>Header Files</Filter>
    </ClInclude>
    <ClInclude Include="gsl\gsl\gsl_sort_long.h">
      <Filter>Header Files</Filter>
    </ClInclude>
    <ClInclude Include="gsl\gsl\gsl_sort_long_double.h">
      <Filter>Header Files</Filter>
    </ClInclude>
    <ClInclude Include="gsl\gsl\gsl_sort_short.h">
      <Filter>Header Files</Filter>
    </ClInclude>
    <ClInclude Include="gsl\gsl\gsl_sort_uchar.h">
      <Filter>Header Files</Filter>
    </ClInclude>
    <ClInclude Include="gsl\gsl\gsl_sort_uint.h">
      <Filter>Header Files</Filter>
    </ClInclude>
    <ClInclude Include="gsl\gsl\gsl_sort_ulong.h">
      <Filter>Header Files</Filter>
    </ClInclude>
    <ClInclude Include="gsl\gsl\gsl_sort_ushort.h">
      <Filter>Header Files</Filter>
    </ClInclude>
    <ClInclude Include="gsl\gsl\gsl_sort_vector.h">
      <Filter>Header Files</Filter>
    </ClInclude>
    <ClInclude Include="gsl\gsl\gsl_sort_vector_char.h">
      <Filter>Header Files</Filter>
    </ClInclude>
    <ClInclude Include="gsl\gsl\gsl_sort_vector_double.h">
      <Filter>Header Files</Filter>
    </ClInclude>
    <ClInclude Include="gsl\gsl\gsl_sort_vector_float.h">
      <Filter>Header Files</Filter>
    </ClInclude>
    <ClInclude Include="gsl\gsl\gsl_sort_vector_int.h">
      <Filter>Header Files</Filter>
    </ClInclude>
    <ClInclude Include="gsl\gsl\gsl_sort_vector_long.h">
      <Filter>Header Files</Filter>
    </ClInclude>
    <ClInclude Include="gsl\gsl\gsl_sort_vector_long_double.h">
      <Filter>Header Files</Filter>
    </ClInclude>
    <ClInclude Include="gsl\gsl\gsl_sort_vector_short.h">
      <Filter>Header Files</Filter>
    </ClInclude>
    <ClInclude Include="gsl\gsl\gsl_sort_vector_uchar.h">
      <Filter>Header Files</Filter>
    </ClInclude>
    <ClInclude Include="gsl\gsl\gsl_sort_vector_uint.h">
      <Filter>Header Files</Filter>
    </ClInclude>
    <ClInclude Include="gsl\gsl\gsl_sort_vector_ulong.h">
      <Filter>Header Files</Filter>
    </ClInclude>
    <ClInclude Include="gsl\gsl\gsl_sort_vector_ushort.h">
      <Filter>Header Files</Filter>
    </ClInclude>
    <ClInclude Include="gsl\gsl\gsl_specfunc.h">
      <Filter>Header Files</Filter>
    </ClInclude>
    <ClInclude Include="gsl\gsl\gsl_spline.h">
      <Filter>Header Files</Filter>
    </ClInclude>
    <ClInclude Include="gsl\gsl\gsl_statistics.h">
      <Filter>Header Files</Filter>
    </ClInclude>
    <ClInclude Include="gsl\gsl\gsl_statistics_char.h">
      <Filter>Header Files</Filter>
    </ClInclude>
    <ClInclude Include="gsl\gsl\gsl_statistics_double.h">
      <Filter>Header Files</Filter>
    </ClInclude>
    <ClInclude Include="gsl\gsl\gsl_statistics_float.h">
      <Filter>Header Files</Filter>
    </ClInclude>
    <ClInclude Include="gsl\gsl\gsl_statistics_int.h">
      <Filter>Header Files</Filter>
    </ClInclude>
    <ClInclude Include="gsl\gsl\gsl_statistics_long.h">
      <Filter>Header Files</Filter>
    </ClInclude>
    <ClInclude Include="gsl\gsl\gsl_statistics_long_double.h">
      <Filter>Header Files</Filter>
    </ClInclude>
    <ClInclude Include="gsl\gsl\gsl_statistics_short.h">
      <Filter>Header Files</Filter>
    </ClInclude>
    <ClInclude Include="gsl\gsl\gsl_statistics_uchar.h">
      <Filter>Header Files</Filter>
    </ClInclude>
    <ClInclude Include="gsl\gsl\gsl_statistics_uint.h">
      <Filter>Header Files</Filter>
    </ClInclude>
    <ClInclude Include="gsl\gsl\gsl_statistics_ulong.h">
      <Filter>Header Files</Filter>
    </ClInclude>
    <ClInclude Include="gsl\gsl\gsl_statistics_ushort.h">
      <Filter>Header Files</Filter>
    </ClInclude>
    <ClInclude Include="gsl\gsl\gsl_sum.h">
      <Filter>Header Files</Filter>
    </ClInclude>
    <ClInclude Include="gsl\gsl\gsl_sys.h">
      <Filter>Header Files</Filter>
    </ClInclude>
    <ClInclude Include="gsl\gsl\gsl_test.h">
      <Filter>Header Files</Filter>
    </ClInclude>
    <ClInclude Include="gsl\gsl\gsl_types.h">
      <Filter>Header Files</Filter>
    </ClInclude>
    <ClInclude Include="gsl\gsl\gsl_vector.h">
      <Filter>Header Files</Filter>
    </ClInclude>
    <ClInclude Include="gsl\gsl\gsl_vector_char.h">
      <Filter>Header Files</Filter>
    </ClInclude>
    <ClInclude Include="gsl\gsl\gsl_vector_complex.h">
      <Filter>Header Files</Filter>
    </ClInclude>
    <ClInclude Include="gsl\gsl\gsl_vector_complex_double.h">
      <Filter>Header Files</Filter>
    </ClInclude>
    <ClInclude Include="gsl\gsl\gsl_vector_complex_float.h">
      <Filter>Header Files</Filter>
    </ClInclude>
    <ClInclude Include="gsl\gsl\gsl_vector_complex_long_double.h">
      <Filter>Header Files</Filter>
    </ClInclude>
    <ClInclude Include="gsl\gsl\gsl_vector_double.h">
      <Filter>Header Files</Filter>
    </ClInclude>
    <ClInclude Include="gsl\gsl\gsl_vector_float.h">
      <Filter>Header Files</Filter>
    </ClInclude>
    <ClInclude Include="gsl\gsl\gsl_vector_int.h">
      <Filter>Header Files</Filter>
    </ClInclude>
    <ClInclude Include="gsl\gsl\gsl_vector_long.h">
      <Filter>Header Files</Filter>
    </ClInclude>
    <ClInclude Include="gsl\gsl\gsl_vector_long_double.h">
      <Filter>Header Files</Filter>
    </ClInclude>
    <ClInclude Include="gsl\gsl\gsl_vector_short.h">
      <Filter>Header Files</Filter>
    </ClInclude>
    <ClInclude Include="gsl\gsl\gsl_vector_uchar.h">
      <Filter>Header Files</Filter>
    </ClInclude>
    <ClInclude Include="gsl\gsl\gsl_vector_uint.h">
      <Filter>Header Files</Filter>
    </ClInclude>
    <ClInclude Include="gsl\gsl\gsl_vector_ulong.h">
      <Filter>Header Files</Filter>
    </ClInclude>
    <ClInclude Include="gsl\gsl\gsl_vector_ushort.h">
      <Filter>Header Files</Filter>
    </ClInclude>
    <ClInclude Include="gsl\gsl\gsl_version.h">
      <Filter>Header Files</Filter>
    </ClInclude>
    <ClInclude Include="gsl\gsl\gsl_wavelet.h">
      <Filter>Header Files</Filter>
    </ClInclude>
    <ClInclude Include="gsl\gsl\gsl_wavelet2d.h">
      <Filter>Header Files</Filter>
    </ClInclude>
    <ClInclude Include="mythread\errors.h">
      <Filter>Header Files</Filter>
    </ClInclude>
    <ClInclude Include="mythread\MessageInspector.h">
      <Filter>Header Files</Filter>
    </ClInclude>
    <ClInclude Include="mythread\MyThread.h">
      <Filter>Header Files</Filter>
    </ClInclude>
    <ClInclude Include="mythread\MyTime.h">
      <Filter>Header Files</Filter>
    </ClInclude>
    <ClInclude Include="mythread\ProtectedObject.h">
      <Filter>Header Files</Filter>
    </ClInclude>
    <ClInclude Include="my_cpp\my_color.h">
      <Filter>Header Files</Filter>
    </ClInclude>
    <ClInclude Include="src\BarTemplate.h">
      <Filter>Header Files</Filter>
    </ClInclude>
    <ClInclude Include="src\CalcTEDialog.h">
      <Filter>Header Files</Filter>
    </ClInclude>
    <ClInclude Include="src\calibratorDialog.h">
      <Filter>Header Files</Filter>
    </ClInclude>
    <ClInclude Include="src\camera.h">
      <Filter>Header Files</Filter>
    </ClInclude>
    <ClInclude Include="src\cameraChooser.h">
      <Filter>Header Files</Filter>
    </ClInclude>
    <ClInclude Include="src\captureWnd.h">
      <Filter>Header Files</Filter>
    </ClInclude>
    <ClInclude Include="src\ImageWnd.h">
      <Filter>Header Files</Filter>
    </ClInclude>
    <ClInclude Include="src\KSVU3.h">
      <Filter>Header Files</Filter>
    </ClInclude>
    <ClInclude Include="src\MainFrm.h">
      <Filter>Header Files</Filter>
    </ClInclude>
    <ClInclude Include="src\MouseTrackerWnd.h">
      <Filter>Header Files</Filter>
    </ClInclude>
    <ClInclude Include="src\my_gsl.h">
      <Filter>Header Files</Filter>
    </ClInclude>
    <ClInclude Include="src\SystemConfig.h">
      <Filter>Header Files</Filter>
    </ClInclude>
    <ClInclude Include="tchart\TChart.h">
      <Filter>Header Files</Filter>
    </ClInclude>
    <ClInclude Include="tchart\TChartElements.h">
      <Filter>Header Files</Filter>
    </ClInclude>
    <ClInclude Include="tchart\TChartGlobal.h">
      <Filter>Header Files</Filter>
    </ClInclude>
    <ClInclude Include="tchart\TChartPoints.h">
      <Filter>Header Files</Filter>
    </ClInclude>
    <ClInclude Include="tchart\TChartSeries.h">
      <Filter>Header Files</Filter>
    </ClInclude>
    <ClInclude Include="resource.h">
      <Filter>Header Files</Filter>
    </ClInclude>
    <ClInclude Include="src\externals.h">
      <Filter>Header Files</Filter>
    </ClInclude>
    <ClInclude Include="src\compressor.h">
      <Filter>Header Files</Filter>
    </ClInclude>
  </ItemGroup>
  <ItemGroup>
    <ResourceCompile Include="KSVU3.rc">
      <Filter>Resource Files</Filter>
    </ResourceCompile>
    <ResourceCompile Include="mythread\errors.rc">
      <Filter>Resource Files</Filter>
    </ResourceCompile>
  </ItemGroup>
  <ItemGroup>
    <None Include="res\toolbar2.bmp">
      <Filter>Resource Files</Filter>
    </None>
    <None Include="res\KSVU3.ico">
      <Filter>Resource Files</Filter>
    </None>
    <None Include="res\KSVU3Doc.ico">
      <Filter>Resource Files</Filter>
    </None>
    <None Include="res\bitmap1.bmp">
      <Filter>Resource Files</Filter>
    </None>
    <None Include="res\stateico.bmp">
      <Filter>Resource Files</Filter>
    </None>
  </ItemGroup>
</Project>