<?xml version="1.0" encoding="utf-8"?>
<Project ToolsVersion="4.0" xmlns="http://schemas.microsoft.com/developer/msbuild/2003">
  <ItemGroup>
    <ClCompile Include="StdAfx.cpp" />
    <ClCompile Include="src\BarTemplate.cpp">
      <Filter>Sources</Filter>
    </ClCompile>
    <ClCompile Include="src\camera.cpp">
      <Filter>Sources</Filter>
    </ClCompile>
    <ClCompile Include="src\cameraChooser.cpp">
      <Filter>Sources</Filter>
    </ClCompile>
    <ClCompile Include="src\captureWnd.cpp">
      <Filter>Sources</Filter>
    </ClCompile>
    <ClCompile Include="src\compressor.cpp">
      <Filter>Sources</Filter>
    </ClCompile>
    <ClCompile Include="src\devices.cpp">
      <Filter>Sources</Filter>
    </ClCompile>
    <ClCompile Include="src\DialogBarTab1.cpp">
      <Filter>Sources</Filter>
    </ClCompile>
    <ClCompile Include="src\EventLogDialog.cpp">
      <Filter>Sources</Filter>
    </ClCompile>
    <ClCompile Include="src\ModifyValueDialog.cpp">
      <Filter>Sources</Filter>
    </ClCompile>
    <ClCompile Include="src\MyListBox.cpp">
      <Filter>Sources</Filter>
    </ClCompile>
    <ClCompile Include="src\MyTabCtrl.cpp">
      <Filter>Sources</Filter>
    </ClCompile>
    <ClCompile Include="src\MyToolBar.cpp">
      <Filter>Sources</Filter>
    </ClCompile>
    <ClCompile Include="src\SystemConfig.cpp">
      <Filter>Sources</Filter>
    </ClCompile>
    <ClCompile Include="src\TConfigDialog.cpp">
      <Filter>Sources</Filter>
    </ClCompile>
    <ClCompile Include="..\TChart\src\OwnerDrawBtn.cpp" />
    <ClCompile Include="..\my_lib\src\BMPanvas.cpp">
      <Filter>my_lib</Filter>
    </ClCompile>
    <ClCompile Include="src\KSVU3.cpp">
      <Filter>Sources</Filter>
    </ClCompile>
    <ClCompile Include="src\KSVU3Doc.cpp">
      <Filter>Sources</Filter>
    </ClCompile>
    <ClCompile Include="src\KSVU3View.cpp">
      <Filter>Sources</Filter>
    </ClCompile>
    <ClCompile Include="src\MainFrm.cpp">
      <Filter>Sources</Filter>
    </ClCompile>
    <ClCompile Include="src\metricon.cpp">
      <Filter>Sources</Filter>
    </ClCompile>
    <ClCompile Include="src\ImageWnd.cpp">
      <Filter>Sources</Filter>
    </ClCompile>
    <ClCompile Include="..\TChart\src\SeriesListCtrl.cpp">
      <Filter>TChart</Filter>
    </ClCompile>
    <ClCompile Include="..\TChart\src\SeriesListDlg.cpp">
      <Filter>TChart</Filter>
    </ClCompile>
    <ClCompile Include="..\TChart\src\SeriesStyleDlg.cpp">
      <Filter>TChart</Filter>
    </ClCompile>
    <ClCompile Include="..\TChart\src\SeriesValuesDlg.cpp">
      <Filter>TChart</Filter>
    </ClCompile>
    <ClCompile Include="..\TChart\src\SetAxisRangeDlg.cpp">
      <Filter>TChart</Filter>
    </ClCompile>
    <ClCompile Include="..\TChart\src\MouseTrackerWnd.cpp">
      <Filter>TChart</Filter>
    </ClCompile>
    <ClCompile Include="..\my_lib\src\my_color.cpp">
      <Filter>my_lib</Filter>
    </ClCompile>
    <ClCompile Include="..\my_lib\src\MessageInspector.cpp">
      <Filter>my_lib</Filter>
    </ClCompile>
    <ClCompile Include="..\TChart\src\TChart.cpp">
      <Filter>TChart</Filter>
    </ClCompile>
    <ClCompile Include="..\TChart\src\TChartElements.cpp">
      <Filter>TChart</Filter>
    </ClCompile>
    <ClCompile Include="..\TChart\src\TChartPoints.cpp">
      <Filter>TChart</Filter>
    </ClCompile>
    <ClCompile Include="..\TChart\src\TChartSeries.cpp">
      <Filter>TChart</Filter>
    </ClCompile>
    <ClCompile Include="..\my_lib\src\MyThread.cpp">
      <Filter>my_lib</Filter>
    </ClCompile>
    <ClCompile Include="..\my_lib\src\MyTime.cpp">
      <Filter>my_lib</Filter>
    </ClCompile>
    <ClCompile Include="..\my_lib\src\ProtectedObject.cpp">
      <Filter>my_lib</Filter>
    </ClCompile>
    <ClCompile Include="..\my_gsl\src\fittings.cpp">
      <Filter>my_gsl</Filter>
    </ClCompile>
    <ClCompile Include="..\my_gsl\src\my_gsl.cpp">
      <Filter>my_gsl</Filter>
    </ClCompile>
    <ClCompile Include="..\my_lib\src\type_array.cpp">
      <Filter>my_lib</Filter>
    </ClCompile>
    <ClCompile Include="src\ChooseCWDDialog.cpp">
      <Filter>Sources</Filter>
    </ClCompile>
    <ClCompile Include="src\MyStatusBar.cpp">
      <Filter>Sources</Filter>
    </ClCompile>
  </ItemGroup>
  <ItemGroup>
    <ClInclude Include="resource.h" />
    <ClInclude Include="stdafx.h" />
    <ClInclude Include="targetver.h" />
    <ClInclude Include="src\BarTemplate.h">
      <Filter>Sources</Filter>
    </ClInclude>
    <ClInclude Include="src\camera.h">
      <Filter>Sources</Filter>
    </ClInclude>
    <ClInclude Include="src\cameraChooser.h">
      <Filter>Sources</Filter>
    </ClInclude>
    <ClInclude Include="src\captureWnd.h">
      <Filter>Sources</Filter>
    </ClInclude>
    <ClInclude Include="src\compressor.h">
      <Filter>Sources</Filter>
    </ClInclude>
    <ClInclude Include="src\SystemConfig.h">
      <Filter>Sources</Filter>
    </ClInclude>
    <ClInclude Include="..\my_lib\src\my_lib_globals.h" />
    <ClInclude Include="..\my_lib\src\my_lib_resources.h" />
    <ClInclude Include="..\TChart\src\OwnerDrawBtn.h" />
    <ClInclude Include="..\my_lib\src\BMPanvas.h">
      <Filter>my_lib</Filter>
    </ClInclude>
    <ClInclude Include="src\KSVU3.h">
      <Filter>Sources</Filter>
    </ClInclude>
    <ClInclude Include="src\MainFrm.h">
      <Filter>Sources</Filter>
    </ClInclude>
    <ClInclude Include="src\ImageWnd.h">
      <Filter>Sources</Filter>
    </ClInclude>
    <ClInclude Include="src\externals.h">
      <Filter>Sources</Filter>
    </ClInclude>
    <ClInclude Include="..\TChart\src\SeriesListCtrl.h">
      <Filter>TChart</Filter>
    </ClInclude>
    <ClInclude Include="..\TChart\src\SeriesListDlg.h">
      <Filter>TChart</Filter>
    </ClInclude>
    <ClInclude Include="..\TChart\src\SeriesStyleDlg.h">
      <Filter>TChart</Filter>
    </ClInclude>
    <ClInclude Include="..\TChart\src\SeriesValuesDlg.h">
      <Filter>TChart</Filter>
    </ClInclude>
    <ClInclude Include="..\TChart\src\SetAxisRangeDlg.h">
      <Filter>TChart</Filter>
    </ClInclude>
    <ClInclude Include="..\TChart\src\MouseTrackerWnd.h">
      <Filter>TChart</Filter>
    </ClInclude>
    <ClInclude Include="..\my_lib\src\my_color.h">
      <Filter>my_lib</Filter>
    </ClInclude>
    <ClInclude Include="..\my_lib\src\MessageInspector.h">
      <Filter>my_lib</Filter>
    </ClInclude>
    <ClInclude Include="..\TChart\src\TChart.h">
      <Filter>TChart</Filter>
    </ClInclude>
    <ClInclude Include="..\TChart\src\tchart_resources.h">
      <Filter>TChart</Filter>
    </ClInclude>
    <ClInclude Include="..\TChart\src\TChartElements.h">
      <Filter>TChart</Filter>
    </ClInclude>
    <ClInclude Include="..\TChart\src\TChartGlobal.h">
      <Filter>TChart</Filter>
    </ClInclude>
    <ClInclude Include="..\TChart\src\TChartPoints.h">
      <Filter>TChart</Filter>
    </ClInclude>
    <ClInclude Include="..\TChart\src\TChartSeries.h">
      <Filter>TChart</Filter>
    </ClInclude>
    <ClInclude Include="..\my_lib\src\MyThread.h">
      <Filter>my_lib</Filter>
    </ClInclude>
    <ClInclude Include="..\my_lib\src\MyTime.h">
      <Filter>my_lib</Filter>
    </ClInclude>
    <ClInclude Include="..\my_lib\src\ProtectedObject.h">
      <Filter>my_lib</Filter>
    </ClInclude>
    <ClInclude Include="..\my_gsl\src\my_gsl.h">
      <Filter>my_gsl</Filter>
    </ClInclude>
    <ClInclude Include="..\my_lib\src\type_array.h">
      <Filter>my_lib</Filter>
    </ClInclude>
  </ItemGroup>
  <ItemGroup>
    <ResourceCompile Include="KSVU3.rc">
      <Filter>Resources</Filter>
    </ResourceCompile>
    <ResourceCompile Include="..\TChart\src\tchart_resources.rc">
      <Filter>Resources</Filter>
    </ResourceCompile>
    <ResourceCompile Include="..\my_lib\src\my_lib_resources.rc">
      <Filter>Resources</Filter>
    </ResourceCompile>
  </ItemGroup>
  <ItemGroup>
    <None Include="res\bitmap1.bmp">
      <Filter>Resources</Filter>
    </None>
    <None Include="res\KSVU3.ico">
      <Filter>Resources</Filter>
    </None>
    <None Include="res\KSVU3Doc.ico">
      <Filter>Resources</Filter>
    </None>
    <None Include="res\stateico.bmp">
      <Filter>Resources</Filter>
    </None>
    <None Include="res\toolbar2.bmp">
      <Filter>Resources</Filter>
    </None>
  </ItemGroup>
  <ItemGroup>
    <Filter Include="my_gsl">
      <UniqueIdentifier>{b1a955d5-b83d-4ef6-8565-6830762e868c}</UniqueIdentifier>
    </Filter>
    <Filter Include="my_lib">
      <UniqueIdentifier>{80605f0c-fe6f-4906-8922-b70b2738b86a}</UniqueIdentifier>
    </Filter>
    <Filter Include="Resources">
      <UniqueIdentifier>{49f48c3d-d097-4854-82d2-37da7d8cf043}</UniqueIdentifier>
    </Filter>
    <Filter Include="TChart">
      <UniqueIdentifier>{44701dc9-5c7c-4466-80fc-d710ba91b52e}</UniqueIdentifier>
    </Filter>
    <Filter Include="Sources">
      <UniqueIdentifier>{f892b1ce-8811-40fa-a288-668306f57f26}</UniqueIdentifier>
    </Filter>
  </ItemGroup>
</Project>